
Microsoft Visual Studio Solution File, Format Version 12.00
# Visual Studio Version 16
VisualStudioVersion = 16.0.31205.134
MinimumVisualStudioVersion = 10.0.40219.1
Project("{888888A0-9F3D-457C-B088-3A5042F75D52}") = "vs-2019-new-git-experience", "vs-2019-new-git-experience\vs-2019-new-git-experience.pyproj", "{38DA331F-418E-4409-B702-72BC0CE4F21B}"
EndProject
Global
	GlobalSection(SolutionConfigurationPlatforms) = preSolution
		Debug|Any CPU = Debug|Any CPU
		Release|Any CPU = Release|Any CPU
	EndGlobalSection
	GlobalSection(ProjectConfigurationPlatforms) = postSolution
		{38DA331F-418E-4409-B702-72BC0CE4F21B}.Debug|Any CPU.ActiveCfg = Debug|Any CPU
		{38DA331F-418E-4409-B702-72BC0CE4F21B}.Release|Any CPU.ActiveCfg = Release|Any CPU
	EndGlobalSection
	GlobalSection(SolutionProperties) = preSolution
		HideSolutionNode = FALSE
	EndGlobalSection
	GlobalSection(ExtensibilityGlobals) = postSolution
		SolutionGuid = {5E5AD0AE-BFC2-4A07-AD16-F5101A86CEB0}
	EndGlobalSection
EndGlobal
